// !$*UTF8*$!
{
	archiveVersion = 1;
	classes = {
	};
	objectVersion = 46;
	objects = {

/* Begin PBXBuildFile section */
		17DD7A3E15E919B70025C25D /* UIKit.framework in Frameworks */ = {isa = PBXBuildFile; fileRef = 17DD7A3D15E919B70025C25D /* UIKit.framework */; };
		17DD7A4015E919B70025C25D /* Foundation.framework in Frameworks */ = {isa = PBXBuildFile; fileRef = 17DD7A3F15E919B70025C25D /* Foundation.framework */; };
		17DD7A4215E919B70025C25D /* CoreGraphics.framework in Frameworks */ = {isa = PBXBuildFile; fileRef = 17DD7A4115E919B70025C25D /* CoreGraphics.framework */; };
		17DD7A4815E919B70025C25D /* InfoPlist.strings in Resources */ = {isa = PBXBuildFile; fileRef = 17DD7A4615E919B70025C25D /* InfoPlist.strings */; };
		17DD7A4A15E919B70025C25D /* main.m in Sources */ = {isa = PBXBuildFile; fileRef = 17DD7A4915E919B70025C25D /* main.m */; };
		17DD7A4E15E919B70025C25D /* AppDelegate.m in Sources */ = {isa = PBXBuildFile; fileRef = 17DD7A4D15E919B70025C25D /* AppDelegate.m */; };
		17DD7A5115E919B70025C25D /* ViewController.m in Sources */ = {isa = PBXBuildFile; fileRef = 17DD7A5015E919B70025C25D /* ViewController.m */; };
		17DD7A5415E919B80025C25D /* ViewController.xib in Resources */ = {isa = PBXBuildFile; fileRef = 17DD7A5215E919B80025C25D /* ViewController.xib */; };
		17DD7A6C15E928F50025C25D /* ball.png in Resources */ = {isa = PBXBuildFile; fileRef = 17DD7A6215E928F50025C25D /* ball.png */; };
		17DD7A6D15E928F50025C25D /* ball@2x.png in Resources */ = {isa = PBXBuildFile; fileRef = 17DD7A6315E928F50025C25D /* ball@2x.png */; };
		17DD7A6E15E928F50025C25D /* court.png in Resources */ = {isa = PBXBuildFile; fileRef = 17DD7A6415E928F50025C25D /* court.png */; };
		17DD7A6F15E928F50025C25D /* court@2x.png in Resources */ = {isa = PBXBuildFile; fileRef = 17DD7A6515E928F50025C25D /* court@2x.png */; };
		17DD7A7015E928F50025C25D /* newgame.png in Resources */ = {isa = PBXBuildFile; fileRef = 17DD7A6615E928F50025C25D /* newgame.png */; };
		17DD7A7115E928F50025C25D /* newgame@2x.png in Resources */ = {isa = PBXBuildFile; fileRef = 17DD7A6715E928F50025C25D /* newgame@2x.png */; };
		17DD7A7215E928F50025C25D /* red.png in Resources */ = {isa = PBXBuildFile; fileRef = 17DD7A6815E928F50025C25D /* red.png */; };
		17DD7A7315E928F50025C25D /* red@2x.png in Resources */ = {isa = PBXBuildFile; fileRef = 17DD7A6915E928F50025C25D /* red@2x.png */; };
		17DD7A7415E928F50025C25D /* yellow.png in Resources */ = {isa = PBXBuildFile; fileRef = 17DD7A6A15E928F50025C25D /* yellow.png */; };
		17DD7A7515E928F50025C25D /* yellow@2x.png in Resources */ = {isa = PBXBuildFile; fileRef = 17DD7A6B15E928F50025C25D /* yellow@2x.png */; };
/* End PBXBuildFile section */

/* Begin PBXFileReference section */
		17DD7A3915E919B70025C25D /* PinPong.app */ = {isa = PBXFileReference; explicitFileType = wrapper.application; includeInIndex = 0; path = PinPong.app; sourceTree = BUILT_PRODUCTS_DIR; };
		17DD7A3D15E919B70025C25D /* UIKit.framework */ = {isa = PBXFileReference; lastKnownFileType = wrapper.framework; name = UIKit.framework; path = System/Library/Frameworks/UIKit.framework; sourceTree = SDKROOT; };
		17DD7A3F15E919B70025C25D /* Foundation.framework */ = {isa = PBXFileReference; lastKnownFileType = wrapper.framework; name = Foundation.framework; path = System/Library/Frameworks/Foundation.framework; sourceTree = SDKROOT; };
		17DD7A4115E919B70025C25D /* CoreGraphics.framework */ = {isa = PBXFileReference; lastKnownFileType = wrapper.framework; name = CoreGraphics.framework; path = System/Library/Frameworks/CoreGraphics.framework; sourceTree = SDKROOT; };
		17DD7A4515E919B70025C25D /* PinPong-Info.plist */ = {isa = PBXFileReference; lastKnownFileType = text.plist.xml; path = "PinPong-Info.plist"; sourceTree = "<group>"; };
		17DD7A4715E919B70025C25D /* en */ = {isa = PBXFileReference; lastKnownFileType = text.plist.strings; name = en; path = en.lproj/InfoPlist.strings; sourceTree = "<group>"; };
		17DD7A4915E919B70025C25D /* main.m */ = {isa = PBXFileReference; lastKnownFileType = sourcecode.c.objc; path = main.m; sourceTree = "<group>"; };
		17DD7A4B15E919B70025C25D /* PinPong-Prefix.pch */ = {isa = PBXFileReference; lastKnownFileType = sourcecode.c.h; path = "PinPong-Prefix.pch"; sourceTree = "<group>"; };
		17DD7A4C15E919B70025C25D /* AppDelegate.h */ = {isa = PBXFileReference; lastKnownFileType = sourcecode.c.h; path = AppDelegate.h; sourceTree = "<group>"; };
		17DD7A4D15E919B70025C25D /* AppDelegate.m */ = {isa = PBXFileReference; lastKnownFileType = sourcecode.c.objc; path = AppDelegate.m; sourceTree = "<group>"; };
		17DD7A4F15E919B70025C25D /* ViewController.h */ = {isa = PBXFileReference; lastKnownFileType = sourcecode.c.h; path = ViewController.h; sourceTree = "<group>"; };
		17DD7A5015E919B70025C25D /* ViewController.m */ = {isa = PBXFileReference; lastKnownFileType = sourcecode.c.objc; path = ViewController.m; sourceTree = "<group>"; };
		17DD7A5315E919B80025C25D /* en */ = {isa = PBXFileReference; lastKnownFileType = file.xib; name = en; path = en.lproj/ViewController.xib; sourceTree = "<group>"; };
		17DD7A6215E928F50025C25D /* ball.png */ = {isa = PBXFileReference; lastKnownFileType = image.png; path = ball.png; sourceTree = "<group>"; };
		17DD7A6315E928F50025C25D /* ball@2x.png */ = {isa = PBXFileReference; lastKnownFileType = image.png; path = "ball@2x.png"; sourceTree = "<group>"; };
		17DD7A6415E928F50025C25D /* court.png */ = {isa = PBXFileReference; lastKnownFileType = image.png; path = court.png; sourceTree = "<group>"; };
		17DD7A6515E928F50025C25D /* court@2x.png */ = {isa = PBXFileReference; lastKnownFileType = image.png; path = "court@2x.png"; sourceTree = "<group>"; };
		17DD7A6615E928F50025C25D /* newgame.png */ = {isa = PBXFileReference; lastKnownFileType = image.png; path = newgame.png; sourceTree = "<group>"; };
		17DD7A6715E928F50025C25D /* newgame@2x.png */ = {isa = PBXFileReference; lastKnownFileType = image.png; path = "newgame@2x.png"; sourceTree = "<group>"; };
		17DD7A6815E928F50025C25D /* red.png */ = {isa = PBXFileReference; lastKnownFileType = image.png; path = red.png; sourceTree = "<group>"; };
		17DD7A6915E928F50025C25D /* red@2x.png */ = {isa = PBXFileReference; lastKnownFileType = image.png; path = "red@2x.png"; sourceTree = "<group>"; };
		17DD7A6A15E928F50025C25D /* yellow.png */ = {isa = PBXFileReference; lastKnownFileType = image.png; path = yellow.png; sourceTree = "<group>"; };
		17DD7A6B15E928F50025C25D /* yellow@2x.png */ = {isa = PBXFileReference; lastKnownFileType = image.png; path = "yellow@2x.png"; sourceTree = "<group>"; };
/* End PBXFileReference section */

/* Begin PBXFrameworksBuildPhase section */
		17DD7A3615E919B70025C25D /* Frameworks */ = {
			isa = PBXFrameworksBuildPhase;
			buildActionMask = 2147483647;
			files = (
				17DD7A3E15E919B70025C25D /* UIKit.framework in Frameworks */,
				17DD7A4015E919B70025C25D /* Foundation.framework in Frameworks */,
				17DD7A4215E919B70025C25D /* CoreGraphics.framework in Frameworks */,
			);
			runOnlyForDeploymentPostprocessing = 0;
		};
/* End PBXFrameworksBuildPhase section */

/* Begin PBXGroup section */
		17DD7A2E15E919B60025C25D = {
			isa = PBXGroup;
			children = (
				17DD7A6115E928D40025C25D /* Images */,
				17DD7A4315E919B70025C25D /* PinPong */,
				17DD7A3C15E919B70025C25D /* Frameworks */,
				17DD7A3A15E919B70025C25D /* Products */,
			);
			sourceTree = "<group>";
		};
		17DD7A3A15E919B70025C25D /* Products */ = {
			isa = PBXGroup;
			children = (
				17DD7A3915E919B70025C25D /* PinPong.app */,
			);
			name = Products;
			sourceTree = "<group>";
		};
		17DD7A3C15E919B70025C25D /* Frameworks */ = {
			isa = PBXGroup;
			children = (
				17DD7A3D15E919B70025C25D /* UIKit.framework */,
				17DD7A3F15E919B70025C25D /* Foundation.framework */,
				17DD7A4115E919B70025C25D /* CoreGraphics.framework */,
			);
			name = Frameworks;
			sourceTree = "<group>";
		};
		17DD7A4315E919B70025C25D /* PinPong */ = {
			isa = PBXGroup;
			children = (
				17DD7A4C15E919B70025C25D /* AppDelegate.h */,
				17DD7A4D15E919B70025C25D /* AppDelegate.m */,
				17DD7A4F15E919B70025C25D /* ViewController.h */,
				17DD7A5015E919B70025C25D /* ViewController.m */,
				17DD7A5215E919B80025C25D /* ViewController.xib */,
				17DD7A4415E919B70025C25D /* Supporting Files */,
			);
			path = PinPong;
			sourceTree = "<group>";
		};
		17DD7A4415E919B70025C25D /* Supporting Files */ = {
			isa = PBXGroup;
			children = (
				17DD7A4515E919B70025C25D /* PinPong-Info.plist */,
				17DD7A4615E919B70025C25D /* InfoPlist.strings */,
				17DD7A4915E919B70025C25D /* main.m */,
				17DD7A4B15E919B70025C25D /* PinPong-Prefix.pch */,
			);
			name = "Supporting Files";
			sourceTree = "<group>";
		};
		17DD7A6115E928D40025C25D /* Images */ = {
			isa = PBXGroup;
			children = (
				17DD7A6215E928F50025C25D /* ball.png */,
				17DD7A6315E928F50025C25D /* ball@2x.png */,
				17DD7A6415E928F50025C25D /* court.png */,
				17DD7A6515E928F50025C25D /* court@2x.png */,
				17DD7A6615E928F50025C25D /* newgame.png */,
				17DD7A6715E928F50025C25D /* newgame@2x.png */,
				17DD7A6815E928F50025C25D /* red.png */,
				17DD7A6915E928F50025C25D /* red@2x.png */,
				17DD7A6A15E928F50025C25D /* yellow.png */,
				17DD7A6B15E928F50025C25D /* yellow@2x.png */,
			);
			name = Images;
			sourceTree = "<group>";
		};
/* End PBXGroup section */

/* Begin PBXNativeTarget section */
		17DD7A3815E919B70025C25D /* PinPong */ = {
			isa = PBXNativeTarget;
			buildConfigurationList = 17DD7A5715E919B80025C25D /* Build configuration list for PBXNativeTarget "PinPong" */;
			buildPhases = (
				17DD7A3515E919B70025C25D /* Sources */,
				17DD7A3615E919B70025C25D /* Frameworks */,
				17DD7A3715E919B70025C25D /* Resources */,
			);
			buildRules = (
			);
			dependencies = (
			);
			name = PinPong;
			productName = PinPong;
			productReference = 17DD7A3915E919B70025C25D /* PinPong.app */;
			productType = "com.apple.product-type.application";
		};
/* End PBXNativeTarget section */

/* Begin PBXProject section */
		17DD7A3015E919B60025C25D /* Project object */ = {
			isa = PBXProject;
			attributes = {
				LastUpgradeCheck = 0440;
				ORGANIZATIONNAME = X;
			};
			buildConfigurationList = 17DD7A3315E919B60025C25D /* Build configuration list for PBXProject "PinPong" */;
			compatibilityVersion = "Xcode 3.2";
			developmentRegion = English;
			hasScannedForEncodings = 0;
			knownRegions = (
				en,
			);
			mainGroup = 17DD7A2E15E919B60025C25D;
			productRefGroup = 17DD7A3A15E919B70025C25D /* Products */;
			projectDirPath = "";
			projectRoot = "";
			targets = (
				17DD7A3815E919B70025C25D /* PinPong */,
			);
		};
/* End PBXProject section */

/* Begin PBXResourcesBuildPhase section */
		17DD7A3715E919B70025C25D /* Resources */ = {
			isa = PBXResourcesBuildPhase;
			buildActionMask = 2147483647;
			files = (
				17DD7A4815E919B70025C25D /* InfoPlist.strings in Resources */,
				17DD7A5415E919B80025C25D /* ViewController.xib in Resources */,
				17DD7A6C15E928F50025C25D /* ball.png in Resources */,
				17DD7A6D15E928F50025C25D /* ball@2x.png in Resources */,
				17DD7A6E15E928F50025C25D /* court.png in Resources */,
				17DD7A6F15E928F50025C25D /* court@2x.png in Resources */,
				17DD7A7015E928F50025C25D /* newgame.png in Resources */,
				17DD7A7115E928F50025C25D /* newgame@2x.png in Resources */,
				17DD7A7215E928F50025C25D /* red.png in Resources */,
				17DD7A7315E928F50025C25D /* red@2x.png in Resources */,
				17DD7A7415E928F50025C25D /* yellow.png in Resources */,
				17DD7A7515E928F50025C25D /* yellow@2x.png in Resources */,
			);
			runOnlyForDeploymentPostprocessing = 0;
		};
/* End PBXResourcesBuildPhase section */

/* Begin PBXSourcesBuildPhase section */
		17DD7A3515E919B70025C25D /* Sources */ = {
			isa = PBXSourcesBuildPhase;
			buildActionMask = 2147483647;
			files = (
				17DD7A4A15E919B70025C25D /* main.m in Sources */,
				17DD7A4E15E919B70025C25D /* AppDelegate.m in Sources */,
				17DD7A5115E919B70025C25D /* ViewController.m in Sources */,
			);
			runOnlyForDeploymentPostprocessing = 0;
		};
/* End PBXSourcesBuildPhase section */

/* Begin PBXVariantGroup section */
		17DD7A4615E919B70025C25D /* InfoPlist.strings */ = {
			isa = PBXVariantGroup;
			children = (
				17DD7A4715E919B70025C25D /* en */,
			);
			name = InfoPlist.strings;
			sourceTree = "<group>";
		};
		17DD7A5215E919B80025C25D /* ViewController.xib */ = {
			isa = PBXVariantGroup;
			children = (
				17DD7A5315E919B80025C25D /* en */,
			);
			name = ViewController.xib;
			sourceTree = "<group>";
		};
/* End PBXVariantGroup section */

/* Begin XCBuildConfiguration section */
		17DD7A5515E919B80025C25D /* Debug */ = {
			isa = XCBuildConfiguration;
			buildSettings = {
				ALWAYS_SEARCH_USER_PATHS = NO;
				ARCHS = "$(ARCHS_STANDARD_32_BIT)";
				CLANG_CXX_LANGUAGE_STANDARD = "gnu++0x";
				CLANG_ENABLE_OBJC_ARC = YES;
				CLANG_WARN__DUPLICATE_METHOD_MATCH = YES;
				"CODE_SIGN_IDENTITY[sdk=iphoneos*]" = "iPhone Developer";
				COPY_PHASE_STRIP = NO;
				GCC_C_LANGUAGE_STANDARD = gnu99;
				GCC_DYNAMIC_NO_PIC = NO;
				GCC_OPTIMIZATION_LEVEL = 0;
				GCC_PREPROCESSOR_DEFINITIONS = (
					"DEBUG=1",
					"$(inherited)",
				);
				GCC_SYMBOLS_PRIVATE_EXTERN = NO;
				GCC_VERSION = com.apple.compilers.llvm.clang.1_0;
				GCC_WARN_ABOUT_RETURN_TYPE = YES;
				GCC_WARN_UNINITIALIZED_AUTOS = YES;
				GCC_WARN_UNUSED_VARIABLE = YES;
				IPHONEOS_DEPLOYMENT_TARGET = 5.1;
				SDKROOT = iphoneos;
			};
			name = Debug;
		};
		17DD7A5615E919B80025C25D /* Release */ = {
			isa = XCBuildConfiguration;
			buildSettings = {
				ALWAYS_SEARCH_USER_PATHS = NO;
				ARCHS = "$(ARCHS_STANDARD_32_BIT)";
				CLANG_CXX_LANGUAGE_STANDARD = "gnu++0x";
				CLANG_ENABLE_OBJC_ARC = YES;
				CLANG_WARN__DUPLICATE_METHOD_MATCH = YES;
				"CODE_SIGN_IDENTITY[sdk=iphoneos*]" = "iPhone Developer";
				COPY_PHASE_STRIP = YES;
				GCC_C_LANGUAGE_STANDARD = gnu99;
				GCC_VERSION = com.apple.compilers.llvm.clang.1_0;
				GCC_WARN_ABOUT_RETURN_TYPE = YES;
				GCC_WARN_UNINITIALIZED_AUTOS = YES;
				GCC_WARN_UNUSED_VARIABLE = YES;
				IPHONEOS_DEPLOYMENT_TARGET = 5.1;
				OTHER_CFLAGS = "-DNS_BLOCK_ASSERTIONS=1";
				SDKROOT = iphoneos;
				VALIDATE_PRODUCT = YES;
			};
			name = Release;
		};
		17DD7A5815E919B80025C25D /* Debug */ = {
			isa = XCBuildConfiguration;
			buildSettings = {
				GCC_PRECOMPILE_PREFIX_HEADER = YES;
				GCC_PREFIX_HEADER = "PinPong/PinPong-Prefix.pch";
				INFOPLIST_FILE = "PinPong/PinPong-Info.plist";
				PRODUCT_NAME = "$(TARGET_NAME)";
				WRAPPER_EXTENSION = app;
			};
			name = Debug;
		};
		17DD7A5915E919B80025C25D /* Release */ = {
			isa = XCBuildConfiguration;
			buildSettings = {
				GCC_PRECOMPILE_PREFIX_HEADER = YES;
				GCC_PREFIX_HEADER = "PinPong/PinPong-Prefix.pch";
				INFOPLIST_FILE = "PinPong/PinPong-Info.plist";
				PRODUCT_NAME = "$(TARGET_NAME)";
				WRAPPER_EXTENSION = app;
			};
			name = Release;
		};
/* End XCBuildConfiguration section */

/* Begin XCConfigurationList section */
		17DD7A3315E919B60025C25D /* Build configuration list for PBXProject "PinPong" */ = {
			isa = XCConfigurationList;
			buildConfigurations = (
				17DD7A5515E919B80025C25D /* Debug */,
				17DD7A5615E919B80025C25D /* Release */,
			);
			defaultConfigurationIsVisible = 0;
			defaultConfigurationName = Release;
		};
		17DD7A5715E919B80025C25D /* Build configuration list for PBXNativeTarget "PinPong" */ = {
			isa = XCConfigurationList;
			buildConfigurations = (
				17DD7A5815E919B80025C25D /* Debug */,
				17DD7A5915E919B80025C25D /* Release */,
			);
			defaultConfigurationIsVisible = 0;
			defaultConfigurationName = Release;
		};
/* End XCConfigurationList section */
	};
	rootObject = 17DD7A3015E919B60025C25D /* Project object */;
}
